
Microsoft Visual Studio Solution File, Format Version 12.00
# Visual Studio 15
VisualStudioVersion = 15.0.27703.2047
MinimumVisualStudioVersion = 10.0.40219.1
Project("{FAE04EC0-301F-11D3-BF4B-00C04F79EFBC}") = "TrackingList.Android", "TrackingList\TrackingList.Android\TrackingList.Android.csproj", "{EC519472-C187-43BF-9253-62D7A4DC3190}"
EndProject
Project("{FAE04EC0-301F-11D3-BF4B-00C04F79EFBC}") = "TrackingList.iOS", "TrackingList\TrackingList.iOS\TrackingList.iOS.csproj", "{BE523771-586F-4192-9B59-86BE13431333}"
EndProject
Project("{FAE04EC0-301F-11D3-BF4B-00C04F79EFBC}") = "TrackingList", "TrackingList\TrackingList\TrackingList.csproj", "{D09A2F1A-B307-47A4-B096-E2DE98CB8F22}"
EndProject
Global
	GlobalSection(SolutionConfigurationPlatforms) = preSolution
		Ad-Hoc|Any CPU = Ad-Hoc|Any CPU
		Ad-Hoc|iPhone = Ad-Hoc|iPhone
		Ad-Hoc|iPhoneSimulator = Ad-Hoc|iPhoneSimulator
		AppStore|Any CPU = AppStore|Any CPU
		AppStore|iPhone = AppStore|iPhone
		AppStore|iPhoneSimulator = AppStore|iPhoneSimulator
		Debug|Any CPU = Debug|Any CPU
		Debug|iPhone = Debug|iPhone
		Debug|iPhoneSimulator = Debug|iPhoneSimulator
		Release|Any CPU = Release|Any CPU
		Release|iPhone = Release|iPhone
		Release|iPhoneSimulator = Release|iPhoneSimulator
	EndGlobalSection
	GlobalSection(ProjectConfigurationPlatforms) = postSolution
		{EC519472-C187-43BF-9253-62D7A4DC3190}.Ad-Hoc|Any CPU.ActiveCfg = Release|Any CPU
		{EC519472-C187-43BF-9253-62D7A4DC3190}.Ad-Hoc|Any CPU.Build.0 = Release|Any CPU
		{EC519472-C187-43BF-9253-62D7A4DC3190}.Ad-Hoc|Any CPU.Deploy.0 = Release|Any CPU
		{EC519472-C187-43BF-9253-62D7A4DC3190}.Ad-Hoc|iPhone.ActiveCfg = Release|Any CPU
		{EC519472-C187-43BF-9253-62D7A4DC3190}.Ad-Hoc|iPhone.Build.0 = Release|Any CPU
		{EC519472-C187-43BF-9253-62D7A4DC3190}.Ad-Hoc|iPhone.Deploy.0 = Release|Any CPU
		{EC519472-C187-43BF-9253-62D7A4DC3190}.Ad-Hoc|iPhoneSimulator.ActiveCfg = Release|Any CPU
		{EC519472-C187-43BF-9253-62D7A4DC3190}.Ad-Hoc|iPhoneSimulator.Build.0 = Release|Any CPU
		{EC519472-C187-43BF-9253-62D7A4DC3190}.Ad-Hoc|iPhoneSimulator.Deploy.0 = Release|Any CPU
		{EC519472-C187-43BF-9253-62D7A4DC3190}.AppStore|Any CPU.ActiveCfg = Release|Any CPU
		{EC519472-C187-43BF-9253-62D7A4DC3190}.AppStore|Any CPU.Build.0 = Release|Any CPU
		{EC519472-C187-43BF-9253-62D7A4DC3190}.AppStore|Any CPU.Deploy.0 = Release|Any CPU
		{EC519472-C187-43BF-9253-62D7A4DC3190}.AppStore|iPhone.ActiveCfg = Release|Any CPU
		{EC519472-C187-43BF-9253-62D7A4DC3190}.AppStore|iPhone.Build.0 = Release|Any CPU
		{EC519472-C187-43BF-9253-62D7A4DC3190}.AppStore|iPhone.Deploy.0 = Release|Any CPU
		{EC519472-C187-43BF-9253-62D7A4DC3190}.AppStore|iPhoneSimulator.ActiveCfg = Release|Any CPU
		{EC519472-C187-43BF-9253-62D7A4DC3190}.AppStore|iPhoneSimulator.Build.0 = Release|Any CPU
		{EC519472-C187-43BF-9253-62D7A4DC3190}.AppStore|iPhoneSimulator.Deploy.0 = Release|Any CPU
		{EC519472-C187-43BF-9253-62D7A4DC3190}.Debug|Any CPU.ActiveCfg = Debug|Any CPU
		{EC519472-C187-43BF-9253-62D7A4DC3190}.Debug|Any CPU.Build.0 = Debug|Any CPU
		{EC519472-C187-43BF-9253-62D7A4DC3190}.Debug|Any CPU.Deploy.0 = Debug|Any CPU
		{EC519472-C187-43BF-9253-62D7A4DC3190}.Debug|iPhone.ActiveCfg = Debug|Any CPU
		{EC519472-C187-43BF-9253-62D7A4DC3190}.Debug|iPhone.Build.0 = Debug|Any CPU
		{EC519472-C187-43BF-9253-62D7A4DC3190}.Debug|iPhone.Deploy.0 = Debug|Any CPU
		{EC519472-C187-43BF-9253-62D7A4DC3190}.Debug|iPhoneSimulator.ActiveCfg = Debug|Any CPU
		{EC519472-C187-43BF-9253-62D7A4DC3190}.Debug|iPhoneSimulator.Build.0 = Debug|Any CPU
		{EC519472-C187-43BF-9253-62D7A4DC3190}.Debug|iPhoneSimulator.Deploy.0 = Debug|Any CPU
		{EC519472-C187-43BF-9253-62D7A4DC3190}.Release|Any CPU.ActiveCfg = Release|Any CPU
		{EC519472-C187-43BF-9253-62D7A4DC3190}.Release|Any CPU.Build.0 = Release|Any CPU
		{EC519472-C187-43BF-9253-62D7A4DC3190}.Release|Any CPU.Deploy.0 = Release|Any CPU
		{EC519472-C187-43BF-9253-62D7A4DC3190}.Release|iPhone.ActiveCfg = Release|Any CPU
		{EC519472-C187-43BF-9253-62D7A4DC3190}.Release|iPhone.Build.0 = Release|Any CPU
		{EC519472-C187-43BF-9253-62D7A4DC3190}.Release|iPhone.Deploy.0 = Release|Any CPU
		{EC519472-C187-43BF-9253-62D7A4DC3190}.Release|iPhoneSimulator.ActiveCfg = Release|Any CPU
		{EC519472-C187-43BF-9253-62D7A4DC3190}.Release|iPhoneSimulator.Build.0 = Release|Any CPU
		{EC519472-C187-43BF-9253-62D7A4DC3190}.Release|iPhoneSimulator.Deploy.0 = Release|Any CPU
		{BE523771-586F-4192-9B59-86BE13431333}.Ad-Hoc|Any CPU.ActiveCfg = Ad-Hoc|iPhone
		{BE523771-586F-4192-9B59-86BE13431333}.Ad-Hoc|Any CPU.Build.0 = Ad-Hoc|iPhone
		{BE523771-586F-4192-9B59-86BE13431333}.Ad-Hoc|Any CPU.Deploy.0 = Ad-Hoc|iPhone
		{BE523771-586F-4192-9B59-86BE13431333}.Ad-Hoc|iPhone.ActiveCfg = Ad-Hoc|iPhone
		{BE523771-586F-4192-9B59-86BE13431333}.Ad-Hoc|iPhone.Build.0 = Ad-Hoc|iPhone
		{BE523771-586F-4192-9B59-86BE13431333}.Ad-Hoc|iPhone.Deploy.0 = Ad-Hoc|iPhone
		{BE523771-586F-4192-9B59-86BE13431333}.Ad-Hoc|iPhoneSimulator.ActiveCfg = Ad-Hoc|iPhoneSimulator
		{BE523771-586F-4192-9B59-86BE13431333}.Ad-Hoc|iPhoneSimulator.Build.0 = Ad-Hoc|iPhoneSimulator
		{BE523771-586F-4192-9B59-86BE13431333}.Ad-Hoc|iPhoneSimulator.Deploy.0 = Ad-Hoc|iPhoneSimulator
		{BE523771-586F-4192-9B59-86BE13431333}.AppStore|Any CPU.ActiveCfg = AppStore|iPhone
		{BE523771-586F-4192-9B59-86BE13431333}.AppStore|Any CPU.Build.0 = AppStore|iPhone
		{BE523771-586F-4192-9B59-86BE13431333}.AppStore|Any CPU.Deploy.0 = AppStore|iPhone
		{BE523771-586F-4192-9B59-86BE13431333}.AppStore|iPhone.ActiveCfg = AppStore|iPhone
		{BE523771-586F-4192-9B59-86BE13431333}.AppStore|iPhone.Build.0 = AppStore|iPhone
		{BE523771-586F-4192-9B59-86BE13431333}.AppStore|iPhone.Deploy.0 = AppStore|iPhone
		{BE523771-586F-4192-9B59-86BE13431333}.AppStore|iPhoneSimulator.ActiveCfg = AppStore|iPhoneSimulator
		{BE523771-586F-4192-9B59-86BE13431333}.AppStore|iPhoneSimulator.Build.0 = AppStore|iPhoneSimulator
		{BE523771-586F-4192-9B59-86BE13431333}.AppStore|iPhoneSimulator.Deploy.0 = AppStore|iPhoneSimulator
		{BE523771-586F-4192-9B59-86BE13431333}.Debug|Any CPU.ActiveCfg = Debug|iPhoneSimulator
		{BE523771-586F-4192-9B59-86BE13431333}.Debug|Any CPU.Build.0 = Debug|iPhoneSimulator
		{BE523771-586F-4192-9B59-86BE13431333}.Debug|Any CPU.Deploy.0 = Debug|iPhoneSimulator
		{BE523771-586F-4192-9B59-86BE13431333}.Debug|iPhone.ActiveCfg = Debug|iPhone
		{BE523771-586F-4192-9B59-86BE13431333}.Debug|iPhone.Build.0 = Debug|iPhone
		{BE523771-586F-4192-9B59-86BE13431333}.Debug|iPhone.Deploy.0 = Debug|iPhone
		{BE523771-586F-4192-9B59-86BE13431333}.Debug|iPhoneSimulator.ActiveCfg = Debug|iPhoneSimulator
		{BE523771-586F-4192-9B59-86BE13431333}.Debug|iPhoneSimulator.Build.0 = Debug|iPhoneSimulator
		{BE523771-586F-4192-9B59-86BE13431333}.Debug|iPhoneSimulator.Deploy.0 = Debug|iPhoneSimulator
		{BE523771-586F-4192-9B59-86BE13431333}.Release|Any CPU.ActiveCfg = Release|iPhone
		{BE523771-586F-4192-9B59-86BE13431333}.Release|Any CPU.Build.0 = Release|iPhone
		{BE523771-586F-4192-9B59-86BE13431333}.Release|Any CPU.Deploy.0 = Release|iPhone
		{BE523771-586F-4192-9B59-86BE13431333}.Release|iPhone.ActiveCfg = Release|iPhone
		{BE523771-586F-4192-9B59-86BE13431333}.Release|iPhone.Build.0 = Release|iPhone
		{BE523771-586F-4192-9B59-86BE13431333}.Release|iPhone.Deploy.0 = Release|iPhone
		{BE523771-586F-4192-9B59-86BE13431333}.Release|iPhoneSimulator.ActiveCfg = Release|iPhoneSimulator
		{BE523771-586F-4192-9B59-86BE13431333}.Release|iPhoneSimulator.Build.0 = Release|iPhoneSimulator
		{BE523771-586F-4192-9B59-86BE13431333}.Release|iPhoneSimulator.Deploy.0 = Release|iPhoneSimulator
		{D09A2F1A-B307-47A4-B096-E2DE98CB8F22}.Ad-Hoc|Any CPU.ActiveCfg = Debug|Any CPU
		{D09A2F1A-B307-47A4-B096-E2DE98CB8F22}.Ad-Hoc|Any CPU.Build.0 = Debug|Any CPU
		{D09A2F1A-B307-47A4-B096-E2DE98CB8F22}.Ad-Hoc|Any CPU.Deploy.0 = Debug|Any CPU
		{D09A2F1A-B307-47A4-B096-E2DE98CB8F22}.Ad-Hoc|iPhone.ActiveCfg = Debug|Any CPU
		{D09A2F1A-B307-47A4-B096-E2DE98CB8F22}.Ad-Hoc|iPhone.Build.0 = Debug|Any CPU
		{D09A2F1A-B307-47A4-B096-E2DE98CB8F22}.Ad-Hoc|iPhone.Deploy.0 = Debug|Any CPU
		{D09A2F1A-B307-47A4-B096-E2DE98CB8F22}.Ad-Hoc|iPhoneSimulator.ActiveCfg = Debug|Any CPU
		{D09A2F1A-B307-47A4-B096-E2DE98CB8F22}.Ad-Hoc|iPhoneSimulator.Build.0 = Debug|Any CPU
		{D09A2F1A-B307-47A4-B096-E2DE98CB8F22}.Ad-Hoc|iPhoneSimulator.Deploy.0 = Debug|Any CPU
		{D09A2F1A-B307-47A4-B096-E2DE98CB8F22}.AppStore|Any CPU.ActiveCfg = Debug|Any CPU
		{D09A2F1A-B307-47A4-B096-E2DE98CB8F22}.AppStore|Any CPU.Build.0 = Debug|Any CPU
		{D09A2F1A-B307-47A4-B096-E2DE98CB8F22}.AppStore|Any CPU.Deploy.0 = Debug|Any CPU
		{D09A2F1A-B307-47A4-B096-E2DE98CB8F22}.AppStore|iPhone.ActiveCfg = Debug|Any CPU
		{D09A2F1A-B307-47A4-B096-E2DE98CB8F22}.AppStore|iPhone.Build.0 = Debug|Any CPU
		{D09A2F1A-B307-47A4-B096-E2DE98CB8F22}.AppStore|iPhone.Deploy.0 = Debug|Any CPU
		{D09A2F1A-B307-47A4-B096-E2DE98CB8F22}.AppStore|iPhoneSimulator.ActiveCfg = Debug|Any CPU
		{D09A2F1A-B307-47A4-B096-E2DE98CB8F22}.AppStore|iPhoneSimulator.Build.0 = Debug|Any CPU
		{D09A2F1A-B307-47A4-B096-E2DE98CB8F22}.AppStore|iPhoneSimulator.Deploy.0 = Debug|Any CPU
		{D09A2F1A-B307-47A4-B096-E2DE98CB8F22}.Debug|Any CPU.ActiveCfg = Debug|Any CPU
		{D09A2F1A-B307-47A4-B096-E2DE98CB8F22}.Debug|Any CPU.Build.0 = Debug|Any CPU
		{D09A2F1A-B307-47A4-B096-E2DE98CB8F22}.Debug|Any CPU.Deploy.0 = Debug|Any CPU
		{D09A2F1A-B307-47A4-B096-E2DE98CB8F22}.Debug|iPhone.ActiveCfg = Debug|Any CPU
		{D09A2F1A-B307-47A4-B096-E2DE98CB8F22}.Debug|iPhone.Build.0 = Debug|Any CPU
		{D09A2F1A-B307-47A4-B096-E2DE98CB8F22}.Debug|iPhone.Deploy.0 = Debug|Any CPU
		{D09A2F1A-B307-47A4-B096-E2DE98CB8F22}.Debug|iPhoneSimulator.ActiveCfg = Debug|Any CPU
		{D09A2F1A-B307-47A4-B096-E2DE98CB8F22}.Debug|iPhoneSimulator.Build.0 = Debug|Any CPU
		{D09A2F1A-B307-47A4-B096-E2DE98CB8F22}.Debug|iPhoneSimulator.Deploy.0 = Debug|Any CPU
		{D09A2F1A-B307-47A4-B096-E2DE98CB8F22}.Release|Any CPU.ActiveCfg = Release|Any CPU
		{D09A2F1A-B307-47A4-B096-E2DE98CB8F22}.Release|Any CPU.Build.0 = Release|Any CPU
		{D09A2F1A-B307-47A4-B096-E2DE98CB8F22}.Release|Any CPU.Deploy.0 = Release|Any CPU
		{D09A2F1A-B307-47A4-B096-E2DE98CB8F22}.Release|iPhone.ActiveCfg = Release|Any CPU
		{D09A2F1A-B307-47A4-B096-E2DE98CB8F22}.Release|iPhone.Build.0 = Release|Any CPU
		{D09A2F1A-B307-47A4-B096-E2DE98CB8F22}.Release|iPhone.Deploy.0 = Release|Any CPU
		{D09A2F1A-B307-47A4-B096-E2DE98CB8F22}.Release|iPhoneSimulator.ActiveCfg = Release|Any CPU
		{D09A2F1A-B307-47A4-B096-E2DE98CB8F22}.Release|iPhoneSimulator.Build.0 = Release|Any CPU
		{D09A2F1A-B307-47A4-B096-E2DE98CB8F22}.Release|iPhoneSimulator.Deploy.0 = Release|Any CPU
	EndGlobalSection
	GlobalSection(SolutionProperties) = preSolution
		HideSolutionNode = FALSE
	EndGlobalSection
	GlobalSection(ExtensibilityGlobals) = postSolution
		SolutionGuid = {C5D10A36-1FE5-490C-A76E-8383EB620ADA}
	EndGlobalSection
EndGlobal
